// !$*UTF8*$!
{
	archiveVersion = 1;
	classes = {
	};
	objectVersion = 50;
	objects = {

/* Begin PBXBuildFile section */
		182D6D1F7014FDD079A64F64 /* Pods_ec_calendar.framework in Frameworks */ = {isa = PBXBuildFile; fileRef = 85FE37601F6B32628EB8CEC7 /* Pods_ec_calendar.framework */; };
		9A1F33AD220458A40068CC4B /* TestViewController.swift in Sources */ = {isa = PBXBuildFile; fileRef = 9A1F33AC220458A40068CC4B /* TestViewController.swift */; };
		9A306C712211920B00ABF91D /* AppIntroVC.swift in Sources */ = {isa = PBXBuildFile; fileRef = 9A306C702211920B00ABF91D /* AppIntroVC.swift */; };
		9A5A50D0221AD4A300DE8048 /* DateCVCell.swift in Sources */ = {isa = PBXBuildFile; fileRef = 9A5A50CF221AD4A300DE8048 /* DateCVCell.swift */; };
		9A5A50D2221AD5C600DE8048 /* CalendarVC.swift in Sources */ = {isa = PBXBuildFile; fileRef = 9A5A50D1221AD5C600DE8048 /* CalendarVC.swift */; };
		9A5A50D6221ADB9900DE8048 /* MonthHeaderView.swift in Sources */ = {isa = PBXBuildFile; fileRef = 9A5A50D5221ADB9900DE8048 /* MonthHeaderView.swift */; };
		9A5A50D8221AE85000DE8048 /* DayVC.swift in Sources */ = {isa = PBXBuildFile; fileRef = 9A5A50D7221AE85000DE8048 /* DayVC.swift */; };
		9A7A6D5B223FA56800C56D32 /* EventVC.swift in Sources */ = {isa = PBXBuildFile; fileRef = 9A7A6D5A223FA56800C56D32 /* EventVC.swift */; };
		9A7A6D5D223FB42C00C56D32 /* TextFieldTableViewCell.swift in Sources */ = {isa = PBXBuildFile; fileRef = 9A7A6D5C223FB42C00C56D32 /* TextFieldTableViewCell.swift */; };
		9A7A6D5F223FBDE200C56D32 /* EventView.swift in Sources */ = {isa = PBXBuildFile; fileRef = 9A7A6D5E223FBDE200C56D32 /* EventView.swift */; };
		9A7A6D61224085CA00C56D32 /* EventTableViewCell.swift in Sources */ = {isa = PBXBuildFile; fileRef = 9A7A6D60224085CA00C56D32 /* EventTableViewCell.swift */; };
		9A9A9B872241436800B51C93 /* ECDate.swift in Sources */ = {isa = PBXBuildFile; fileRef = 9A9A9B862241436800B51C93 /* ECDate.swift */; };
		9A9A9B89224251AB00B51C93 /* Helper.swift in Sources */ = {isa = PBXBuildFile; fileRef = 9A9A9B88224251AB00B51C93 /* Helper.swift */; };
		9AB4BD8D2202E96E00306E94 /* AppDelegate.swift in Sources */ = {isa = PBXBuildFile; fileRef = 9AB4BD8C2202E96E00306E94 /* AppDelegate.swift */; };
		9AB4BD8F2202E96E00306E94 /* LaunchViewController.swift in Sources */ = {isa = PBXBuildFile; fileRef = 9AB4BD8E2202E96E00306E94 /* LaunchViewController.swift */; };
		9AB4BD922202E96E00306E94 /* Main.storyboard in Resources */ = {isa = PBXBuildFile; fileRef = 9AB4BD902202E96E00306E94 /* Main.storyboard */; };
		9AB4BD942202E96F00306E94 /* Assets.xcassets in Resources */ = {isa = PBXBuildFile; fileRef = 9AB4BD932202E96F00306E94 /* Assets.xcassets */; };
		9AB4BD972202E96F00306E94 /* LaunchScreen.storyboard in Resources */ = {isa = PBXBuildFile; fileRef = 9AB4BD952202E96F00306E94 /* LaunchScreen.storyboard */; };
/* End PBXBuildFile section */

/* Begin PBXFileReference section */
		85FE37601F6B32628EB8CEC7 /* Pods_ec_calendar.framework */ = {isa = PBXFileReference; explicitFileType = wrapper.framework; includeInIndex = 0; path = Pods_ec_calendar.framework; sourceTree = BUILT_PRODUCTS_DIR; };
		9A1F33AC220458A40068CC4B /* TestViewController.swift */ = {isa = PBXFileReference; lastKnownFileType = sourcecode.swift; path = TestViewController.swift; sourceTree = "<group>"; };
		9A306C702211920B00ABF91D /* AppIntroVC.swift */ = {isa = PBXFileReference; lastKnownFileType = sourcecode.swift; path = AppIntroVC.swift; sourceTree = "<group>"; };
		9A5A50CF221AD4A300DE8048 /* DateCVCell.swift */ = {isa = PBXFileReference; lastKnownFileType = sourcecode.swift; path = DateCVCell.swift; sourceTree = "<group>"; };
		9A5A50D1221AD5C600DE8048 /* CalendarVC.swift */ = {isa = PBXFileReference; lastKnownFileType = sourcecode.swift; path = CalendarVC.swift; sourceTree = "<group>"; };
		9A5A50D5221ADB9900DE8048 /* MonthHeaderView.swift */ = {isa = PBXFileReference; lastKnownFileType = sourcecode.swift; path = MonthHeaderView.swift; sourceTree = "<group>"; };
		9A5A50D7221AE85000DE8048 /* DayVC.swift */ = {isa = PBXFileReference; lastKnownFileType = sourcecode.swift; path = DayVC.swift; sourceTree = "<group>"; };
		9A7A6D5A223FA56800C56D32 /* EventVC.swift */ = {isa = PBXFileReference; lastKnownFileType = sourcecode.swift; path = EventVC.swift; sourceTree = "<group>"; };
		9A7A6D5C223FB42C00C56D32 /* TextFieldTableViewCell.swift */ = {isa = PBXFileReference; lastKnownFileType = sourcecode.swift; path = TextFieldTableViewCell.swift; sourceTree = "<group>"; };
		9A7A6D5E223FBDE200C56D32 /* EventView.swift */ = {isa = PBXFileReference; lastKnownFileType = sourcecode.swift; path = EventView.swift; sourceTree = "<group>"; };
		9A7A6D60224085CA00C56D32 /* EventTableViewCell.swift */ = {isa = PBXFileReference; lastKnownFileType = sourcecode.swift; path = EventTableViewCell.swift; sourceTree = "<group>"; };
		9A9A9B862241436800B51C93 /* ECDate.swift */ = {isa = PBXFileReference; lastKnownFileType = sourcecode.swift; path = ECDate.swift; sourceTree = "<group>"; };
		9A9A9B88224251AB00B51C93 /* Helper.swift */ = {isa = PBXFileReference; lastKnownFileType = sourcecode.swift; path = Helper.swift; sourceTree = "<group>"; };
		9AB4BD892202E96E00306E94 /* ec-calendar.app */ = {isa = PBXFileReference; explicitFileType = wrapper.application; includeInIndex = 0; path = "ec-calendar.app"; sourceTree = BUILT_PRODUCTS_DIR; };
		9AB4BD8C2202E96E00306E94 /* AppDelegate.swift */ = {isa = PBXFileReference; lastKnownFileType = sourcecode.swift; path = AppDelegate.swift; sourceTree = "<group>"; };
		9AB4BD8E2202E96E00306E94 /* LaunchViewController.swift */ = {isa = PBXFileReference; lastKnownFileType = sourcecode.swift; path = LaunchViewController.swift; sourceTree = "<group>"; };
		9AB4BD912202E96E00306E94 /* Base */ = {isa = PBXFileReference; lastKnownFileType = file.storyboard; name = Base; path = Base.lproj/Main.storyboard; sourceTree = "<group>"; };
		9AB4BD932202E96F00306E94 /* Assets.xcassets */ = {isa = PBXFileReference; lastKnownFileType = folder.assetcatalog; path = Assets.xcassets; sourceTree = "<group>"; };
		9AB4BD962202E96F00306E94 /* Base */ = {isa = PBXFileReference; lastKnownFileType = file.storyboard; name = Base; path = Base.lproj/LaunchScreen.storyboard; sourceTree = "<group>"; };
		9AB4BD982202E96F00306E94 /* Info.plist */ = {isa = PBXFileReference; lastKnownFileType = text.plist.xml; path = Info.plist; sourceTree = "<group>"; };
		B10978D273D50D13AFEDD848 /* Pods-ec-calendar.release.xcconfig */ = {isa = PBXFileReference; includeInIndex = 1; lastKnownFileType = text.xcconfig; name = "Pods-ec-calendar.release.xcconfig"; path = "Pods/Target Support Files/Pods-ec-calendar/Pods-ec-calendar.release.xcconfig"; sourceTree = "<group>"; };
		E85168C234927E855163157B /* Pods-ec-calendar.debug.xcconfig */ = {isa = PBXFileReference; includeInIndex = 1; lastKnownFileType = text.xcconfig; name = "Pods-ec-calendar.debug.xcconfig"; path = "Pods/Target Support Files/Pods-ec-calendar/Pods-ec-calendar.debug.xcconfig"; sourceTree = "<group>"; };
/* End PBXFileReference section */

/* Begin PBXFrameworksBuildPhase section */
		9AB4BD862202E96E00306E94 /* Frameworks */ = {
			isa = PBXFrameworksBuildPhase;
			buildActionMask = 2147483647;
			files = (
				182D6D1F7014FDD079A64F64 /* Pods_ec_calendar.framework in Frameworks */,
			);
			runOnlyForDeploymentPostprocessing = 0;
		};
/* End PBXFrameworksBuildPhase section */

/* Begin PBXGroup section */
		1A3570EC1675C016407D40A5 /* Pods */ = {
			isa = PBXGroup;
			children = (
				E85168C234927E855163157B /* Pods-ec-calendar.debug.xcconfig */,
				B10978D273D50D13AFEDD848 /* Pods-ec-calendar.release.xcconfig */,
			);
			name = Pods;
			sourceTree = "<group>";
		};
		88C9D3B141CC5B420D2ABFD0 /* Frameworks */ = {
			isa = PBXGroup;
			children = (
				85FE37601F6B32628EB8CEC7 /* Pods_ec_calendar.framework */,
			);
			name = Frameworks;
			sourceTree = "<group>";
		};
		9A1F33AB220458800068CC4B /* Test */ = {
			isa = PBXGroup;
			children = (
				9A1F33AC220458A40068CC4B /* TestViewController.swift */,
			);
			path = Test;
			sourceTree = "<group>";
		};
		9A1F33AE2207497C0068CC4B /* Documentations */ = {
			isa = PBXGroup;
			children = (
			);
			path = Documentations;
			sourceTree = "<group>";
		};
		9A306C6F221191D900ABF91D /* Intro */ = {
			isa = PBXGroup;
			children = (
				9A306C702211920B00ABF91D /* AppIntroVC.swift */,
			);
			path = Intro;
			sourceTree = "<group>";
		};
		9A5A50CB221AD43500DE8048 /* Calendar */ = {
			isa = PBXGroup;
			children = (
				9A5A50CE221AD45600DE8048 /* Models */,
				9A5A50CD221AD44C00DE8048 /* VCs */,
				9A5A50CC221AD44500DE8048 /* Views */,
			);
			path = Calendar;
			sourceTree = "<group>";
		};
		9A5A50CC221AD44500DE8048 /* Views */ = {
			isa = PBXGroup;
			children = (
				9A5A50CF221AD4A300DE8048 /* DateCVCell.swift */,
				9A5A50D5221ADB9900DE8048 /* MonthHeaderView.swift */,
				9A7A6D5C223FB42C00C56D32 /* TextFieldTableViewCell.swift */,
				9A7A6D5E223FBDE200C56D32 /* EventView.swift */,
				9A7A6D60224085CA00C56D32 /* EventTableViewCell.swift */,
			);
			path = Views;
			sourceTree = "<group>";
		};
		9A5A50CD221AD44C00DE8048 /* VCs */ = {
			isa = PBXGroup;
			children = (
				9A5A50D1221AD5C600DE8048 /* CalendarVC.swift */,
				9A5A50D7221AE85000DE8048 /* DayVC.swift */,
				9A7A6D5A223FA56800C56D32 /* EventVC.swift */,
			);
			path = VCs;
			sourceTree = "<group>";
		};
		9A5A50CE221AD45600DE8048 /* Models */ = {
			isa = PBXGroup;
			children = (
				9A9A9B862241436800B51C93 /* ECDate.swift */,
			);
			path = Models;
			sourceTree = "<group>";
		};
		9AB4BD802202E96E00306E94 = {
			isa = PBXGroup;
			children = (
				9AB4BD8B2202E96E00306E94 /* ec-calendar */,
				9AB4BD8A2202E96E00306E94 /* Products */,
				1A3570EC1675C016407D40A5 /* Pods */,
				88C9D3B141CC5B420D2ABFD0 /* Frameworks */,
			);
			sourceTree = "<group>";
		};
		9AB4BD8A2202E96E00306E94 /* Products */ = {
			isa = PBXGroup;
			children = (
				9AB4BD892202E96E00306E94 /* ec-calendar.app */,
			);
			name = Products;
			sourceTree = "<group>";
		};
		9AB4BD8B2202E96E00306E94 /* ec-calendar */ = {
			isa = PBXGroup;
			children = (
				9A1F33AE2207497C0068CC4B /* Documentations */,
				9AB4BDA02202EB7800306E94 /* Modules */,
				9AB4BD9F2202EB3D00306E94 /* Helpers */,
				9AB4BD9E2202EB2E00306E94 /* Launch */,
				9AB4BD8C2202E96E00306E94 /* AppDelegate.swift */,
				9AB4BD902202E96E00306E94 /* Main.storyboard */,
				9AB4BD932202E96F00306E94 /* Assets.xcassets */,
				9AB4BD952202E96F00306E94 /* LaunchScreen.storyboard */,
				9AB4BD982202E96F00306E94 /* Info.plist */,
			);
			path = "ec-calendar";
			sourceTree = "<group>";
		};
		9AB4BD9E2202EB2E00306E94 /* Launch */ = {
			isa = PBXGroup;
			children = (
				9AB4BD8E2202E96E00306E94 /* LaunchViewController.swift */,
			);
			path = Launch;
			sourceTree = "<group>";
		};
		9AB4BD9F2202EB3D00306E94 /* Helpers */ = {
			isa = PBXGroup;
			children = (
				9A9A9B88224251AB00B51C93 /* Helper.swift */,
			);
			path = Helpers;
			sourceTree = "<group>";
		};
		9AB4BDA02202EB7800306E94 /* Modules */ = {
			isa = PBXGroup;
			children = (
				9A5A50CB221AD43500DE8048 /* Calendar */,
				9A306C6F221191D900ABF91D /* Intro */,
				9A1F33AB220458800068CC4B /* Test */,
			);
			path = Modules;
			sourceTree = "<group>";
		};
/* End PBXGroup section */

/* Begin PBXNativeTarget section */
		9AB4BD882202E96E00306E94 /* ec-calendar */ = {
			isa = PBXNativeTarget;
			buildConfigurationList = 9AB4BD9B2202E96F00306E94 /* Build configuration list for PBXNativeTarget "ec-calendar" */;
			buildPhases = (
				DB8BF65FB382CE82EDB9BC36 /* [CP] Check Pods Manifest.lock */,
				9AB4BD852202E96E00306E94 /* Sources */,
				9AB4BD862202E96E00306E94 /* Frameworks */,
				9AB4BD872202E96E00306E94 /* Resources */,
				129CCE168F8AB290EFC57C70 /* [CP] Embed Pods Frameworks */,
			);
			buildRules = (
			);
			dependencies = (
			);
			name = "ec-calendar";
			productName = "ec-calendar";
			productReference = 9AB4BD892202E96E00306E94 /* ec-calendar.app */;
			productType = "com.apple.product-type.application";
		};
/* End PBXNativeTarget section */

/* Begin PBXProject section */
		9AB4BD812202E96E00306E94 /* Project object */ = {
			isa = PBXProject;
			attributes = {
				LastSwiftUpdateCheck = 1010;
				LastUpgradeCheck = 1010;
				ORGANIZATIONNAME = Hugo;
				TargetAttributes = {
					9AB4BD882202E96E00306E94 = {
						CreatedOnToolsVersion = 10.1;
					};
				};
			};
			buildConfigurationList = 9AB4BD842202E96E00306E94 /* Build configuration list for PBXProject "ec-calendar" */;
			compatibilityVersion = "Xcode 9.3";
			developmentRegion = en;
			hasScannedForEncodings = 0;
			knownRegions = (
				en,
				Base,
			);
			mainGroup = 9AB4BD802202E96E00306E94;
			productRefGroup = 9AB4BD8A2202E96E00306E94 /* Products */;
			projectDirPath = "";
			projectRoot = "";
			targets = (
				9AB4BD882202E96E00306E94 /* ec-calendar */,
			);
		};
/* End PBXProject section */

/* Begin PBXResourcesBuildPhase section */
		9AB4BD872202E96E00306E94 /* Resources */ = {
			isa = PBXResourcesBuildPhase;
			buildActionMask = 2147483647;
			files = (
				9AB4BD972202E96F00306E94 /* LaunchScreen.storyboard in Resources */,
				9AB4BD942202E96F00306E94 /* Assets.xcassets in Resources */,
				9AB4BD922202E96E00306E94 /* Main.storyboard in Resources */,
			);
			runOnlyForDeploymentPostprocessing = 0;
		};
/* End PBXResourcesBuildPhase section */

/* Begin PBXShellScriptBuildPhase section */
		129CCE168F8AB290EFC57C70 /* [CP] Embed Pods Frameworks */ = {
			isa = PBXShellScriptBuildPhase;
			buildActionMask = 2147483647;
			files = (
			);
			inputFileListPaths = (
			);
			inputPaths = (
				"${SRCROOT}/Pods/Target Support Files/Pods-ec-calendar/Pods-ec-calendar-frameworks.sh",
				"${BUILT_PRODUCTS_DIR}/Onboard/Onboard.framework",
				"${BUILT_PRODUCTS_DIR}/ReactiveCocoa/ReactiveCocoa.framework",
				"${BUILT_PRODUCTS_DIR}/ReactiveSwift/ReactiveSwift.framework",
				"${BUILT_PRODUCTS_DIR}/Result/Result.framework",
				"${BUILT_PRODUCTS_DIR}/SnapKit/SnapKit.framework",
			);
			name = "[CP] Embed Pods Frameworks";
			outputFileListPaths = (
			);
			outputPaths = (
				"${TARGET_BUILD_DIR}/${FRAMEWORKS_FOLDER_PATH}/Onboard.framework",
				"${TARGET_BUILD_DIR}/${FRAMEWORKS_FOLDER_PATH}/ReactiveCocoa.framework",
				"${TARGET_BUILD_DIR}/${FRAMEWORKS_FOLDER_PATH}/ReactiveSwift.framework",
				"${TARGET_BUILD_DIR}/${FRAMEWORKS_FOLDER_PATH}/Result.framework",
				"${TARGET_BUILD_DIR}/${FRAMEWORKS_FOLDER_PATH}/SnapKit.framework",
			);
			runOnlyForDeploymentPostprocessing = 0;
			shellPath = /bin/sh;
			shellScript = "\"${SRCROOT}/Pods/Target Support Files/Pods-ec-calendar/Pods-ec-calendar-frameworks.sh\"\n";
			showEnvVarsInLog = 0;
		};
		DB8BF65FB382CE82EDB9BC36 /* [CP] Check Pods Manifest.lock */ = {
			isa = PBXShellScriptBuildPhase;
			buildActionMask = 2147483647;
			files = (
			);
			inputFileListPaths = (
			);
			inputPaths = (
				"${PODS_PODFILE_DIR_PATH}/Podfile.lock",
				"${PODS_ROOT}/Manifest.lock",
			);
			name = "[CP] Check Pods Manifest.lock";
			outputFileListPaths = (
			);
			outputPaths = (
				"$(DERIVED_FILE_DIR)/Pods-ec-calendar-checkManifestLockResult.txt",
			);
			runOnlyForDeploymentPostprocessing = 0;
			shellPath = /bin/sh;
			shellScript = "diff \"${PODS_PODFILE_DIR_PATH}/Podfile.lock\" \"${PODS_ROOT}/Manifest.lock\" > /dev/null\nif [ $? != 0 ] ; then\n    # print error to STDERR\n    echo \"error: The sandbox is not in sync with the Podfile.lock. Run 'pod install' or update your CocoaPods installation.\" >&2\n    exit 1\nfi\n# This output is used by Xcode 'outputs' to avoid re-running this script phase.\necho \"SUCCESS\" > \"${SCRIPT_OUTPUT_FILE_0}\"\n";
			showEnvVarsInLog = 0;
		};
/* End PBXShellScriptBuildPhase section */

/* Begin PBXSourcesBuildPhase section */
		9AB4BD852202E96E00306E94 /* Sources */ = {
			isa = PBXSourcesBuildPhase;
			buildActionMask = 2147483647;
			files = (
				9A7A6D61224085CA00C56D32 /* EventTableViewCell.swift in Sources */,
				9A9A9B89224251AB00B51C93 /* Helper.swift in Sources */,
				9A7A6D5B223FA56800C56D32 /* EventVC.swift in Sources */,
				9AB4BD8F2202E96E00306E94 /* LaunchViewController.swift in Sources */,
				9A9A9B872241436800B51C93 /* ECDate.swift in Sources */,
				9A7A6D5F223FBDE200C56D32 /* EventView.swift in Sources */,
				9A306C712211920B00ABF91D /* AppIntroVC.swift in Sources */,
				9A5A50D2221AD5C600DE8048 /* CalendarVC.swift in Sources */,
				9A1F33AD220458A40068CC4B /* TestViewController.swift in Sources */,
				9AB4BD8D2202E96E00306E94 /* AppDelegate.swift in Sources */,
				9A5A50D8221AE85000DE8048 /* DayVC.swift in Sources */,
				9A5A50D0221AD4A300DE8048 /* DateCVCell.swift in Sources */,
				9A5A50D6221ADB9900DE8048 /* MonthHeaderView.swift in Sources */,
				9A7A6D5D223FB42C00C56D32 /* TextFieldTableViewCell.swift in Sources */,
			);
			runOnlyForDeploymentPostprocessing = 0;
		};
/* End PBXSourcesBuildPhase section */

/* Begin PBXVariantGroup section */
		9AB4BD902202E96E00306E94 /* Main.storyboard */ = {
			isa = PBXVariantGroup;
			children = (
				9AB4BD912202E96E00306E94 /* Base */,
			);
			name = Main.storyboard;
			sourceTree = "<group>";
		};
		9AB4BD952202E96F00306E94 /* LaunchScreen.storyboard */ = {
			isa = PBXVariantGroup;
			children = (
				9AB4BD962202E96F00306E94 /* Base */,
			);
			name = LaunchScreen.storyboard;
			sourceTree = "<group>";
		};
/* End PBXVariantGroup section */

/* Begin XCBuildConfiguration section */
		9AB4BD992202E96F00306E94 /* Debug */ = {
			isa = XCBuildConfiguration;
			buildSettings = {
				ALWAYS_SEARCH_USER_PATHS = NO;
				CLANG_ANALYZER_NONNULL = YES;
				CLANG_ANALYZER_NUMBER_OBJECT_CONVERSION = YES_AGGRESSIVE;
				CLANG_CXX_LANGUAGE_STANDARD = "gnu++14";
				CLANG_CXX_LIBRARY = "libc++";
				CLANG_ENABLE_MODULES = YES;
				CLANG_ENABLE_OBJC_ARC = YES;
				CLANG_ENABLE_OBJC_WEAK = YES;
				CLANG_WARN_BLOCK_CAPTURE_AUTORELEASING = YES;
				CLANG_WARN_BOOL_CONVERSION = YES;
				CLANG_WARN_COMMA = YES;
				CLANG_WARN_CONSTANT_CONVERSION = YES;
				CLANG_WARN_DEPRECATED_OBJC_IMPLEMENTATIONS = YES;
				CLANG_WARN_DIRECT_OBJC_ISA_USAGE = YES_ERROR;
				CLANG_WARN_DOCUMENTATION_COMMENTS = YES;
				CLANG_WARN_EMPTY_BODY = YES;
				CLANG_WARN_ENUM_CONVERSION = YES;
				CLANG_WARN_INFINITE_RECURSION = YES;
				CLANG_WARN_INT_CONVERSION = YES;
				CLANG_WARN_NON_LITERAL_NULL_CONVERSION = YES;
				CLANG_WARN_OBJC_IMPLICIT_RETAIN_SELF = YES;
				CLANG_WARN_OBJC_LITERAL_CONVERSION = YES;
				CLANG_WARN_OBJC_ROOT_CLASS = YES_ERROR;
				CLANG_WARN_RANGE_LOOP_ANALYSIS = YES;
				CLANG_WARN_STRICT_PROTOTYPES = YES;
				CLANG_WARN_SUSPICIOUS_MOVE = YES;
				CLANG_WARN_UNGUARDED_AVAILABILITY = YES_AGGRESSIVE;
				CLANG_WARN_UNREACHABLE_CODE = YES;
				CLANG_WARN__DUPLICATE_METHOD_MATCH = YES;
				CODE_SIGN_IDENTITY = "iPhone Developer";
				COPY_PHASE_STRIP = NO;
				DEBUG_INFORMATION_FORMAT = dwarf;
				ENABLE_STRICT_OBJC_MSGSEND = YES;
				ENABLE_TESTABILITY = YES;
				GCC_C_LANGUAGE_STANDARD = gnu11;
				GCC_DYNAMIC_NO_PIC = NO;
				GCC_NO_COMMON_BLOCKS = YES;
				GCC_OPTIMIZATION_LEVEL = 0;
				GCC_PREPROCESSOR_DEFINITIONS = (
					"DEBUG=1",
					"$(inherited)",
				);
				GCC_WARN_64_TO_32_BIT_CONVERSION = YES;
				GCC_WARN_ABOUT_RETURN_TYPE = YES_ERROR;
				GCC_WARN_UNDECLARED_SELECTOR = YES;
				GCC_WARN_UNINITIALIZED_AUTOS = YES_AGGRESSIVE;
				GCC_WARN_UNUSED_FUNCTION = YES;
				GCC_WARN_UNUSED_VARIABLE = YES;
				IPHONEOS_DEPLOYMENT_TARGET = 12.1;
				MTL_ENABLE_DEBUG_INFO = INCLUDE_SOURCE;
				MTL_FAST_MATH = YES;
				ONLY_ACTIVE_ARCH = YES;
				SDKROOT = iphoneos;
				SWIFT_ACTIVE_COMPILATION_CONDITIONS = DEBUG;
				SWIFT_OPTIMIZATION_LEVEL = "-Onone";
			};
			name = Debug;
		};
		9AB4BD9A2202E96F00306E94 /* Release */ = {
			isa = XCBuildConfiguration;
			buildSettings = {
				ALWAYS_SEARCH_USER_PATHS = NO;
				CLANG_ANALYZER_NONNULL = YES;
				CLANG_ANALYZER_NUMBER_OBJECT_CONVERSION = YES_AGGRESSIVE;
				CLANG_CXX_LANGUAGE_STANDARD = "gnu++14";
				CLANG_CXX_LIBRARY = "libc++";
				CLANG_ENABLE_MODULES = YES;
				CLANG_ENABLE_OBJC_ARC = YES;
				CLANG_ENABLE_OBJC_WEAK = YES;
				CLANG_WARN_BLOCK_CAPTURE_AUTORELEASING = YES;
				CLANG_WARN_BOOL_CONVERSION = YES;
				CLANG_WARN_COMMA = YES;
				CLANG_WARN_CONSTANT_CONVERSION = YES;
				CLANG_WARN_DEPRECATED_OBJC_IMPLEMENTATIONS = YES;
				CLANG_WARN_DIRECT_OBJC_ISA_USAGE = YES_ERROR;
				CLANG_WARN_DOCUMENTATION_COMMENTS = YES;
				CLANG_WARN_EMPTY_BODY = YES;
				CLANG_WARN_ENUM_CONVERSION = YES;
				CLANG_WARN_INFINITE_RECURSION = YES;
				CLANG_WARN_INT_CONVERSION = YES;
				CLANG_WARN_NON_LITERAL_NULL_CONVERSION = YES;
				CLANG_WARN_OBJC_IMPLICIT_RETAIN_SELF = YES;
				CLANG_WARN_OBJC_LITERAL_CONVERSION = YES;
				CLANG_WARN_OBJC_ROOT_CLASS = YES_ERROR;
				CLANG_WARN_RANGE_LOOP_ANALYSIS = YES;
				CLANG_WARN_STRICT_PROTOTYPES = YES;
				CLANG_WARN_SUSPICIOUS_MOVE = YES;
				CLANG_WARN_UNGUARDED_AVAILABILITY = YES_AGGRESSIVE;
				CLANG_WARN_UNREACHABLE_CODE = YES;
				CLANG_WARN__DUPLICATE_METHOD_MATCH = YES;
				CODE_SIGN_IDENTITY = "iPhone Developer";
				COPY_PHASE_STRIP = NO;
				DEBUG_INFORMATION_FORMAT = "dwarf-with-dsym";
				ENABLE_NS_ASSERTIONS = NO;
				ENABLE_STRICT_OBJC_MSGSEND = YES;
				GCC_C_LANGUAGE_STANDARD = gnu11;
				GCC_NO_COMMON_BLOCKS = YES;
				GCC_WARN_64_TO_32_BIT_CONVERSION = YES;
				GCC_WARN_ABOUT_RETURN_TYPE = YES_ERROR;
				GCC_WARN_UNDECLARED_SELECTOR = YES;
				GCC_WARN_UNINITIALIZED_AUTOS = YES_AGGRESSIVE;
				GCC_WARN_UNUSED_FUNCTION = YES;
				GCC_WARN_UNUSED_VARIABLE = YES;
				IPHONEOS_DEPLOYMENT_TARGET = 12.1;
				MTL_ENABLE_DEBUG_INFO = NO;
				MTL_FAST_MATH = YES;
				SDKROOT = iphoneos;
				SWIFT_COMPILATION_MODE = wholemodule;
				SWIFT_OPTIMIZATION_LEVEL = "-O";
				VALIDATE_PRODUCT = YES;
			};
			name = Release;
		};
		9AB4BD9C2202E96F00306E94 /* Debug */ = {
			isa = XCBuildConfiguration;
			baseConfigurationReference = E85168C234927E855163157B /* Pods-ec-calendar.debug.xcconfig */;
			buildSettings = {
				ASSETCATALOG_COMPILER_APPICON_NAME = AppIcon;
				CODE_SIGN_IDENTITY = "iPhone Developer";
				CODE_SIGN_STYLE = Automatic;
				DEVELOPMENT_TEAM = "";
				INFOPLIST_FILE = "ec-calendar/Info.plist";
				LD_RUNPATH_SEARCH_PATHS = (
					"$(inherited)",
					"@executable_path/Frameworks",
				);
				PRODUCT_BUNDLE_IDENTIFIER = "com.os.ec-calendar";
				PRODUCT_NAME = "$(TARGET_NAME)";
				PROVISIONING_PROFILE_SPECIFIER = "";
				SWIFT_VERSION = 4.2;
				TARGETED_DEVICE_FAMILY = "1,2";
			};
			name = Debug;
		};
		9AB4BD9D2202E96F00306E94 /* Release */ = {
			isa = XCBuildConfiguration;
			baseConfigurationReference = B10978D273D50D13AFEDD848 /* Pods-ec-calendar.release.xcconfig */;
			buildSettings = {
				ASSETCATALOG_COMPILER_APPICON_NAME = AppIcon;
				CODE_SIGN_IDENTITY = "iPhone Developer";
				CODE_SIGN_STYLE = Automatic;
				DEVELOPMENT_TEAM = "";
				INFOPLIST_FILE = "ec-calendar/Info.plist";
				LD_RUNPATH_SEARCH_PATHS = (
					"$(inherited)",
					"@executable_path/Frameworks",
				);
				PRODUCT_BUNDLE_IDENTIFIER = "com.os.ec-calendar";
				PRODUCT_NAME = "$(TARGET_NAME)";
				PROVISIONING_PROFILE_SPECIFIER = "";
				SWIFT_VERSION = 4.2;
				TARGETED_DEVICE_FAMILY = "1,2";
			};
			name = Release;
		};
/* End XCBuildConfiguration section */

/* Begin XCConfigurationList section */
		9AB4BD842202E96E00306E94 /* Build configuration list for PBXProject "ec-calendar" */ = {
			isa = XCConfigurationList;
			buildConfigurations = (
				9AB4BD992202E96F00306E94 /* Debug */,
				9AB4BD9A2202E96F00306E94 /* Release */,
			);
			defaultConfigurationIsVisible = 0;
			defaultConfigurationName = Release;
		};
		9AB4BD9B2202E96F00306E94 /* Build configuration list for PBXNativeTarget "ec-calendar" */ = {
			isa = XCConfigurationList;
			buildConfigurations = (
				9AB4BD9C2202E96F00306E94 /* Debug */,
				9AB4BD9D2202E96F00306E94 /* Release */,
			);
			defaultConfigurationIsVisible = 0;
			defaultConfigurationName = Release;
		};
/* End XCConfigurationList section */
	};
	rootObject = 9AB4BD812202E96E00306E94 /* Project object */;
}
